
Microsoft Visual Studio Solution File, Format Version 12.00
# Visual Studio 14
VisualStudioVersion = 14.0.25420.1
MinimumVisualStudioVersion = 10.0.40219.1
Project("{F184B08F-C81C-45F6-A57F-5ABD9991F28F}") = "Interface.UserManagement", "Interfaces\Interface.UserManagement\Interface.UserManagement.vbproj", "{A37BF7A0-6B5E-451E-843F-A87B74A7F264}"
EndProject
Project("{F184B08F-C81C-45F6-A57F-5ABD9991F28F}") = "DataTier.Utilities", "Interfaces\DataTier.Utilities\DataTier.Utilities.vbproj", "{85EFB4BA-C5F1-454B-8129-4B04512F5753}"
EndProject
Project("{F184B08F-C81C-45F6-A57F-5ABD9991F28F}") = "DataTier.Core.Models", "Interfaces\DataTier.Core.Models\DataTier.Core.Models.vbproj", "{6529B79A-5A30-40B2-8C59-05599D4E17F2}"
EndProject
Project("{F184B08F-C81C-45F6-A57F-5ABD9991F28F}") = "DataTier.Core", "Interfaces\DataTier.Core\DataTier.Core.vbproj", "{672A5B5A-0B59-47CE-BA3C-B4D350D99FD5}"
EndProject
Project("{2150E333-8FDC-42A3-9474-1A3956D46DE8}") = "DataTier", "DataTier", "{A4260707-5D0B-44EA-B75C-9E4418F6CA5D}"
EndProject
Project("{F184B08F-C81C-45F6-A57F-5ABD9991F28F}") = "DataTier.Core.Test", "Tests\DataTier.Core.Test\DataTier.Core.Test.vbproj", "{EE73A561-2E84-4D7D-8A19-659CB5F219DE}"
EndProject
Project("{2150E333-8FDC-42A3-9474-1A3956D46DE8}") = "Tests", "Tests", "{DF2AE662-4651-4E60-8A6A-298CC5AE56F6}"
EndProject
Global
	GlobalSection(SolutionConfigurationPlatforms) = preSolution
		Debug|Any CPU = Debug|Any CPU
		Release|Any CPU = Release|Any CPU
	EndGlobalSection
	GlobalSection(ProjectConfigurationPlatforms) = postSolution
		{A37BF7A0-6B5E-451E-843F-A87B74A7F264}.Debug|Any CPU.ActiveCfg = Debug|Any CPU
		{A37BF7A0-6B5E-451E-843F-A87B74A7F264}.Debug|Any CPU.Build.0 = Debug|Any CPU
		{A37BF7A0-6B5E-451E-843F-A87B74A7F264}.Release|Any CPU.ActiveCfg = Release|Any CPU
		{A37BF7A0-6B5E-451E-843F-A87B74A7F264}.Release|Any CPU.Build.0 = Release|Any CPU
		{85EFB4BA-C5F1-454B-8129-4B04512F5753}.Debug|Any CPU.ActiveCfg = Debug|Any CPU
		{85EFB4BA-C5F1-454B-8129-4B04512F5753}.Debug|Any CPU.Build.0 = Debug|Any CPU
		{85EFB4BA-C5F1-454B-8129-4B04512F5753}.Release|Any CPU.ActiveCfg = Release|Any CPU
		{85EFB4BA-C5F1-454B-8129-4B04512F5753}.Release|Any CPU.Build.0 = Release|Any CPU
		{6529B79A-5A30-40B2-8C59-05599D4E17F2}.Debug|Any CPU.ActiveCfg = Debug|Any CPU
		{6529B79A-5A30-40B2-8C59-05599D4E17F2}.Debug|Any CPU.Build.0 = Debug|Any CPU
		{6529B79A-5A30-40B2-8C59-05599D4E17F2}.Release|Any CPU.ActiveCfg = Release|Any CPU
		{6529B79A-5A30-40B2-8C59-05599D4E17F2}.Release|Any CPU.Build.0 = Release|Any CPU
		{672A5B5A-0B59-47CE-BA3C-B4D350D99FD5}.Debug|Any CPU.ActiveCfg = Debug|Any CPU
		{672A5B5A-0B59-47CE-BA3C-B4D350D99FD5}.Debug|Any CPU.Build.0 = Debug|Any CPU
		{672A5B5A-0B59-47CE-BA3C-B4D350D99FD5}.Release|Any CPU.ActiveCfg = Release|Any CPU
		{672A5B5A-0B59-47CE-BA3C-B4D350D99FD5}.Release|Any CPU.Build.0 = Release|Any CPU
		{EE73A561-2E84-4D7D-8A19-659CB5F219DE}.Debug|Any CPU.ActiveCfg = Debug|Any CPU
		{EE73A561-2E84-4D7D-8A19-659CB5F219DE}.Debug|Any CPU.Build.0 = Debug|Any CPU
		{EE73A561-2E84-4D7D-8A19-659CB5F219DE}.Release|Any CPU.ActiveCfg = Release|Any CPU
		{EE73A561-2E84-4D7D-8A19-659CB5F219DE}.Release|Any CPU.Build.0 = Release|Any CPU
	EndGlobalSection
	GlobalSection(SolutionProperties) = preSolution
		HideSolutionNode = FALSE
	EndGlobalSection
	GlobalSection(NestedProjects) = preSolution
		{85EFB4BA-C5F1-454B-8129-4B04512F5753} = {A4260707-5D0B-44EA-B75C-9E4418F6CA5D}
		{6529B79A-5A30-40B2-8C59-05599D4E17F2} = {A4260707-5D0B-44EA-B75C-9E4418F6CA5D}
		{672A5B5A-0B59-47CE-BA3C-B4D350D99FD5} = {A4260707-5D0B-44EA-B75C-9E4418F6CA5D}
		{EE73A561-2E84-4D7D-8A19-659CB5F219DE} = {DF2AE662-4651-4E60-8A6A-298CC5AE56F6}
	EndGlobalSection
EndGlobal
