
Microsoft Visual Studio Solution File, Format Version 12.00
# Visual Studio 14
VisualStudioVersion = 14.0.25420.1
MinimumVisualStudioVersion = 10.0.40219.1
Project("{F184B08F-C81C-45F6-A57F-5ABD9991F28F}") = "Interface.UserManagement", "Interfaces\Interface.UserManagement\Interface.UserManagement.vbproj", "{A37BF7A0-6B5E-451E-843F-A87B74A7F264}"
EndProject
Project("{F184B08F-C81C-45F6-A57F-5ABD9991F28F}") = "DataTier.Utilities", "Interfaces\DataTier.Utilities\DataTier.Utilities.vbproj", "{85EFB4BA-C5F1-454B-8129-4B04512F5753}"
EndProject
Project("{F184B08F-C81C-45F6-A57F-5ABD9991F28F}") = "DataTier.Core.Models", "Interfaces\DataTier.Core.Models\DataTier.Core.Models.vbproj", "{6529B79A-5A30-40B2-8C59-05599D4E17F2}"
EndProject
Project("{F184B08F-C81C-45F6-A57F-5ABD9991F28F}") = "DataTier.Core", "Interfaces\DataTier.Core\DataTier.Core.vbproj", "{672A5B5A-0B59-47CE-BA3C-B4D350D99FD5}"
EndProject
Project("{2150E333-8FDC-42A3-9474-1A3956D46DE8}") = "DataTier", "DataTier", "{A4260707-5D0B-44EA-B75C-9E4418F6CA5D}"
EndProject
Project("{F184B08F-C81C-45F6-A57F-5ABD9991F28F}") = "DataTier.Core.Test", "Tests\DataTier.Core.Test\DataTier.Core.Test.vbproj", "{EE73A561-2E84-4D7D-8A19-659CB5F219DE}"
EndProject
Project("{2150E333-8FDC-42A3-9474-1A3956D46DE8}") = "Tests", "Tests", "{DF2AE662-4651-4E60-8A6A-298CC5AE56F6}"
EndProject
Project("{F184B08F-C81C-45F6-A57F-5ABD9991F28F}") = "Core.Utilities.Framework", "Core\Core.Utilities.Framework\Core.Utilities.Framework.vbproj", "{C19A5AE6-3454-499A-A73B-4EBDCB5C7989}"
EndProject
Project("{F184B08F-C81C-45F6-A57F-5ABD9991F28F}") = "Core.Utilities", "Core\Core.Utilities\Core.Utilities.vbproj", "{B37692E3-910A-4DEE-A1E4-D87AC24BC4EB}"
EndProject
Project("{F184B08F-C81C-45F6-A57F-5ABD9991F28F}") = "Core.Framework", "Core\Core.Framework\Core.Framework.vbproj", "{90FBCF4B-681C-4B01-8D78-FABE7BBB04E0}"
EndProject
Project("{F184B08F-C81C-45F6-A57F-5ABD9991F28F}") = "Core.User", "Core\Core.User\Core.User.vbproj", "{2E861851-89C0-420C-88CD-BF91F6E51B4D}"
EndProject
Project("{F184B08F-C81C-45F6-A57F-5ABD9991F28F}") = "Core.Task", "Core\Core.Task\Core.Task.vbproj", "{1C826A9D-914F-4C67-A4C9-0FBF59AB1F07}"
EndProject
Project("{F184B08F-C81C-45F6-A57F-5ABD9991F28F}") = "Core.Organization", "Core\Core.Organization\Core.Organization.vbproj", "{2C76AE95-49B3-40FF-A308-6A9C24C625D7}"
EndProject
Project("{F184B08F-C81C-45F6-A57F-5ABD9991F28F}") = "Core.Log", "Core\Core.Logging\Core.Log.vbproj", "{8C9B4A10-F563-4491-AF9D-259E6A4F4F6F}"
EndProject
Project("{F184B08F-C81C-45F6-A57F-5ABD9991F28F}") = "Core.Form", "Core\Core.Form\Core.Form.vbproj", "{E0824BC0-9245-4273-BBBE-CA435F79817F}"
EndProject
Project("{F184B08F-C81C-45F6-A57F-5ABD9991F28F}") = "Core.Event", "Core\Core.Event\Core.Event.vbproj", "{54ABB947-D5F2-4B81-AE14-D132FF07E3CE}"
EndProject
Project("{2150E333-8FDC-42A3-9474-1A3956D46DE8}") = "Core", "Core", "{418E9332-D42F-405D-B327-0615BFCE94AD}"
EndProject
Project("{F184B08F-C81C-45F6-A57F-5ABD9991F28F}") = "Core.Form.Test", "Tests\Core.Form.Test\Core.Form.Test.vbproj", "{4AD7C6D9-BA8D-4F62-B743-89A852438D00}"
EndProject
Project("{2150E333-8FDC-42A3-9474-1A3956D46DE8}") = "Web", "Web", "{B43B5921-BFE4-4FFB-94A1-0860E2B8A042}"
EndProject
Project("{F184B08F-C81C-45F6-A57F-5ABD9991F28F}") = "MemberAPI", "WebApp\MemberAPI\MemberAPI.vbproj", "{DA91A27B-A101-452A-9D33-CF81AF3A41D5}"
EndProject
Project("{F184B08F-C81C-45F6-A57F-5ABD9991F28F}") = "OperationsAPI", "WebApp\OperationsAPI\OperationsAPI.vbproj", "{EFC42F82-3285-4B10-9244-1381C0FECDC7}"
EndProject
Project("{F184B08F-C81C-45F6-A57F-5ABD9991F28F}") = "CommonAPI", "CommonAPI\CommonAPI.vbproj", "{89949EC4-AB0D-4633-A394-B0760D6122A0}"
EndProject
Global
	GlobalSection(SolutionConfigurationPlatforms) = preSolution
		Debug|Any CPU = Debug|Any CPU
		Release|Any CPU = Release|Any CPU
	EndGlobalSection
	GlobalSection(ProjectConfigurationPlatforms) = postSolution
		{A37BF7A0-6B5E-451E-843F-A87B74A7F264}.Debug|Any CPU.ActiveCfg = Debug|Any CPU
		{A37BF7A0-6B5E-451E-843F-A87B74A7F264}.Debug|Any CPU.Build.0 = Debug|Any CPU
		{A37BF7A0-6B5E-451E-843F-A87B74A7F264}.Release|Any CPU.ActiveCfg = Release|Any CPU
		{A37BF7A0-6B5E-451E-843F-A87B74A7F264}.Release|Any CPU.Build.0 = Release|Any CPU
		{85EFB4BA-C5F1-454B-8129-4B04512F5753}.Debug|Any CPU.ActiveCfg = Debug|Any CPU
		{85EFB4BA-C5F1-454B-8129-4B04512F5753}.Debug|Any CPU.Build.0 = Debug|Any CPU
		{85EFB4BA-C5F1-454B-8129-4B04512F5753}.Release|Any CPU.ActiveCfg = Release|Any CPU
		{85EFB4BA-C5F1-454B-8129-4B04512F5753}.Release|Any CPU.Build.0 = Release|Any CPU
		{6529B79A-5A30-40B2-8C59-05599D4E17F2}.Debug|Any CPU.ActiveCfg = Debug|Any CPU
		{6529B79A-5A30-40B2-8C59-05599D4E17F2}.Debug|Any CPU.Build.0 = Debug|Any CPU
		{6529B79A-5A30-40B2-8C59-05599D4E17F2}.Release|Any CPU.ActiveCfg = Release|Any CPU
		{6529B79A-5A30-40B2-8C59-05599D4E17F2}.Release|Any CPU.Build.0 = Release|Any CPU
		{672A5B5A-0B59-47CE-BA3C-B4D350D99FD5}.Debug|Any CPU.ActiveCfg = Debug|Any CPU
		{672A5B5A-0B59-47CE-BA3C-B4D350D99FD5}.Debug|Any CPU.Build.0 = Debug|Any CPU
		{672A5B5A-0B59-47CE-BA3C-B4D350D99FD5}.Release|Any CPU.ActiveCfg = Release|Any CPU
		{672A5B5A-0B59-47CE-BA3C-B4D350D99FD5}.Release|Any CPU.Build.0 = Release|Any CPU
		{EE73A561-2E84-4D7D-8A19-659CB5F219DE}.Debug|Any CPU.ActiveCfg = Debug|Any CPU
		{EE73A561-2E84-4D7D-8A19-659CB5F219DE}.Debug|Any CPU.Build.0 = Debug|Any CPU
		{EE73A561-2E84-4D7D-8A19-659CB5F219DE}.Release|Any CPU.ActiveCfg = Release|Any CPU
		{EE73A561-2E84-4D7D-8A19-659CB5F219DE}.Release|Any CPU.Build.0 = Release|Any CPU
		{C19A5AE6-3454-499A-A73B-4EBDCB5C7989}.Debug|Any CPU.ActiveCfg = Debug|Any CPU
		{C19A5AE6-3454-499A-A73B-4EBDCB5C7989}.Debug|Any CPU.Build.0 = Debug|Any CPU
		{C19A5AE6-3454-499A-A73B-4EBDCB5C7989}.Release|Any CPU.ActiveCfg = Release|Any CPU
		{C19A5AE6-3454-499A-A73B-4EBDCB5C7989}.Release|Any CPU.Build.0 = Release|Any CPU
		{B37692E3-910A-4DEE-A1E4-D87AC24BC4EB}.Debug|Any CPU.ActiveCfg = Debug|Any CPU
		{B37692E3-910A-4DEE-A1E4-D87AC24BC4EB}.Debug|Any CPU.Build.0 = Debug|Any CPU
		{B37692E3-910A-4DEE-A1E4-D87AC24BC4EB}.Release|Any CPU.ActiveCfg = Release|Any CPU
		{B37692E3-910A-4DEE-A1E4-D87AC24BC4EB}.Release|Any CPU.Build.0 = Release|Any CPU
		{90FBCF4B-681C-4B01-8D78-FABE7BBB04E0}.Debug|Any CPU.ActiveCfg = Debug|Any CPU
		{90FBCF4B-681C-4B01-8D78-FABE7BBB04E0}.Debug|Any CPU.Build.0 = Debug|Any CPU
		{90FBCF4B-681C-4B01-8D78-FABE7BBB04E0}.Release|Any CPU.ActiveCfg = Release|Any CPU
		{90FBCF4B-681C-4B01-8D78-FABE7BBB04E0}.Release|Any CPU.Build.0 = Release|Any CPU
		{2E861851-89C0-420C-88CD-BF91F6E51B4D}.Debug|Any CPU.ActiveCfg = Debug|Any CPU
		{2E861851-89C0-420C-88CD-BF91F6E51B4D}.Debug|Any CPU.Build.0 = Debug|Any CPU
		{2E861851-89C0-420C-88CD-BF91F6E51B4D}.Release|Any CPU.ActiveCfg = Release|Any CPU
		{2E861851-89C0-420C-88CD-BF91F6E51B4D}.Release|Any CPU.Build.0 = Release|Any CPU
		{1C826A9D-914F-4C67-A4C9-0FBF59AB1F07}.Debug|Any CPU.ActiveCfg = Debug|Any CPU
		{1C826A9D-914F-4C67-A4C9-0FBF59AB1F07}.Debug|Any CPU.Build.0 = Debug|Any CPU
		{1C826A9D-914F-4C67-A4C9-0FBF59AB1F07}.Release|Any CPU.ActiveCfg = Release|Any CPU
		{1C826A9D-914F-4C67-A4C9-0FBF59AB1F07}.Release|Any CPU.Build.0 = Release|Any CPU
		{2C76AE95-49B3-40FF-A308-6A9C24C625D7}.Debug|Any CPU.ActiveCfg = Debug|Any CPU
		{2C76AE95-49B3-40FF-A308-6A9C24C625D7}.Debug|Any CPU.Build.0 = Debug|Any CPU
		{2C76AE95-49B3-40FF-A308-6A9C24C625D7}.Release|Any CPU.ActiveCfg = Release|Any CPU
		{2C76AE95-49B3-40FF-A308-6A9C24C625D7}.Release|Any CPU.Build.0 = Release|Any CPU
		{8C9B4A10-F563-4491-AF9D-259E6A4F4F6F}.Debug|Any CPU.ActiveCfg = Debug|Any CPU
		{8C9B4A10-F563-4491-AF9D-259E6A4F4F6F}.Debug|Any CPU.Build.0 = Debug|Any CPU
		{8C9B4A10-F563-4491-AF9D-259E6A4F4F6F}.Release|Any CPU.ActiveCfg = Release|Any CPU
		{8C9B4A10-F563-4491-AF9D-259E6A4F4F6F}.Release|Any CPU.Build.0 = Release|Any CPU
		{E0824BC0-9245-4273-BBBE-CA435F79817F}.Debug|Any CPU.ActiveCfg = Debug|Any CPU
		{E0824BC0-9245-4273-BBBE-CA435F79817F}.Debug|Any CPU.Build.0 = Debug|Any CPU
		{E0824BC0-9245-4273-BBBE-CA435F79817F}.Release|Any CPU.ActiveCfg = Release|Any CPU
		{E0824BC0-9245-4273-BBBE-CA435F79817F}.Release|Any CPU.Build.0 = Release|Any CPU
		{54ABB947-D5F2-4B81-AE14-D132FF07E3CE}.Debug|Any CPU.ActiveCfg = Debug|Any CPU
		{54ABB947-D5F2-4B81-AE14-D132FF07E3CE}.Debug|Any CPU.Build.0 = Debug|Any CPU
		{54ABB947-D5F2-4B81-AE14-D132FF07E3CE}.Release|Any CPU.ActiveCfg = Release|Any CPU
		{54ABB947-D5F2-4B81-AE14-D132FF07E3CE}.Release|Any CPU.Build.0 = Release|Any CPU
		{4AD7C6D9-BA8D-4F62-B743-89A852438D00}.Debug|Any CPU.ActiveCfg = Debug|Any CPU
		{4AD7C6D9-BA8D-4F62-B743-89A852438D00}.Debug|Any CPU.Build.0 = Debug|Any CPU
		{4AD7C6D9-BA8D-4F62-B743-89A852438D00}.Release|Any CPU.ActiveCfg = Release|Any CPU
		{4AD7C6D9-BA8D-4F62-B743-89A852438D00}.Release|Any CPU.Build.0 = Release|Any CPU
		{DA91A27B-A101-452A-9D33-CF81AF3A41D5}.Debug|Any CPU.ActiveCfg = Debug|Any CPU
		{DA91A27B-A101-452A-9D33-CF81AF3A41D5}.Debug|Any CPU.Build.0 = Debug|Any CPU
		{DA91A27B-A101-452A-9D33-CF81AF3A41D5}.Release|Any CPU.ActiveCfg = Release|Any CPU
		{DA91A27B-A101-452A-9D33-CF81AF3A41D5}.Release|Any CPU.Build.0 = Release|Any CPU
		{EFC42F82-3285-4B10-9244-1381C0FECDC7}.Debug|Any CPU.ActiveCfg = Debug|Any CPU
		{EFC42F82-3285-4B10-9244-1381C0FECDC7}.Debug|Any CPU.Build.0 = Debug|Any CPU
		{EFC42F82-3285-4B10-9244-1381C0FECDC7}.Release|Any CPU.ActiveCfg = Release|Any CPU
		{EFC42F82-3285-4B10-9244-1381C0FECDC7}.Release|Any CPU.Build.0 = Release|Any CPU
		{89949EC4-AB0D-4633-A394-B0760D6122A0}.Debug|Any CPU.ActiveCfg = Debug|Any CPU
		{89949EC4-AB0D-4633-A394-B0760D6122A0}.Debug|Any CPU.Build.0 = Debug|Any CPU
		{89949EC4-AB0D-4633-A394-B0760D6122A0}.Release|Any CPU.ActiveCfg = Release|Any CPU
		{89949EC4-AB0D-4633-A394-B0760D6122A0}.Release|Any CPU.Build.0 = Release|Any CPU
	EndGlobalSection
	GlobalSection(SolutionProperties) = preSolution
		HideSolutionNode = FALSE
	EndGlobalSection
	GlobalSection(NestedProjects) = preSolution
		{85EFB4BA-C5F1-454B-8129-4B04512F5753} = {A4260707-5D0B-44EA-B75C-9E4418F6CA5D}
		{6529B79A-5A30-40B2-8C59-05599D4E17F2} = {A4260707-5D0B-44EA-B75C-9E4418F6CA5D}
		{672A5B5A-0B59-47CE-BA3C-B4D350D99FD5} = {A4260707-5D0B-44EA-B75C-9E4418F6CA5D}
		{EE73A561-2E84-4D7D-8A19-659CB5F219DE} = {DF2AE662-4651-4E60-8A6A-298CC5AE56F6}
		{C19A5AE6-3454-499A-A73B-4EBDCB5C7989} = {418E9332-D42F-405D-B327-0615BFCE94AD}
		{B37692E3-910A-4DEE-A1E4-D87AC24BC4EB} = {418E9332-D42F-405D-B327-0615BFCE94AD}
		{90FBCF4B-681C-4B01-8D78-FABE7BBB04E0} = {418E9332-D42F-405D-B327-0615BFCE94AD}
		{2E861851-89C0-420C-88CD-BF91F6E51B4D} = {418E9332-D42F-405D-B327-0615BFCE94AD}
		{1C826A9D-914F-4C67-A4C9-0FBF59AB1F07} = {418E9332-D42F-405D-B327-0615BFCE94AD}
		{2C76AE95-49B3-40FF-A308-6A9C24C625D7} = {418E9332-D42F-405D-B327-0615BFCE94AD}
		{8C9B4A10-F563-4491-AF9D-259E6A4F4F6F} = {418E9332-D42F-405D-B327-0615BFCE94AD}
		{E0824BC0-9245-4273-BBBE-CA435F79817F} = {418E9332-D42F-405D-B327-0615BFCE94AD}
		{54ABB947-D5F2-4B81-AE14-D132FF07E3CE} = {418E9332-D42F-405D-B327-0615BFCE94AD}
		{4AD7C6D9-BA8D-4F62-B743-89A852438D00} = {DF2AE662-4651-4E60-8A6A-298CC5AE56F6}
		{DA91A27B-A101-452A-9D33-CF81AF3A41D5} = {B43B5921-BFE4-4FFB-94A1-0860E2B8A042}
		{EFC42F82-3285-4B10-9244-1381C0FECDC7} = {B43B5921-BFE4-4FFB-94A1-0860E2B8A042}
		{89949EC4-AB0D-4633-A394-B0760D6122A0} = {B43B5921-BFE4-4FFB-94A1-0860E2B8A042}
	EndGlobalSection
EndGlobal
