
Microsoft Visual Studio Solution File, Format Version 12.00
# Visual Studio Version 17
VisualStudioVersion = 17.4.33205.214
MinimumVisualStudioVersion = 10.0.40219.1
Project("{9A19103F-16F7-4668-BE54-9A1E7A4F7556}") = "API", "API\API.csproj", "{440E1DFE-5851-43BF-B402-27BE535CA210}"
EndProject
Project("{9A19103F-16F7-4668-BE54-9A1E7A4F7556}") = "CommonAPI", "CommonAPI\CommonAPI.csproj", "{F4792EFA-5C98-426F-B6AF-1514E7D6ADC2}"
EndProject
Project("{9A19103F-16F7-4668-BE54-9A1E7A4F7556}") = "CommonCore", "CommonCore\CommonCore.csproj", "{959AFC2E-43B2-4C89-A55A-D778F5287555}"
EndProject
Project("{9A19103F-16F7-4668-BE54-9A1E7A4F7556}") = "Core", "Core\Core.csproj", "{99E55A85-3828-4E6A-9F18-50D7C1D326E3}"
EndProject
Project("{9A19103F-16F7-4668-BE54-9A1E7A4F7556}") = "Data", "Data\Data.csproj", "{BE82DCCD-4405-4E57-9CD8-1BC5B05C6603}"
EndProject
Project("{9A19103F-16F7-4668-BE54-9A1E7A4F7556}") = "Framework", "Framework\Framework.csproj", "{4D4B6AC8-EA49-4D5D-B368-0C726F9AB01B}"
EndProject
Project("{9A19103F-16F7-4668-BE54-9A1E7A4F7556}") = "Interface", "Interface\Interface.csproj", "{06A97EC1-230C-4160-B08F-C6ED6C0256A6}"
EndProject
Project("{00D1A9C2-B5F0-4AF3-8072-F6C62B433612}") = "Database", "Database\Database.sqlproj", "{5039F660-136F-4450-B80B-C6F1387C2A4E}"
EndProject
Global
	GlobalSection(SolutionConfigurationPlatforms) = preSolution
		Debug|Any CPU = Debug|Any CPU
		Release|Any CPU = Release|Any CPU
	EndGlobalSection
	GlobalSection(ProjectConfigurationPlatforms) = postSolution
		{440E1DFE-5851-43BF-B402-27BE535CA210}.Debug|Any CPU.ActiveCfg = Debug|Any CPU
		{440E1DFE-5851-43BF-B402-27BE535CA210}.Debug|Any CPU.Build.0 = Debug|Any CPU
		{440E1DFE-5851-43BF-B402-27BE535CA210}.Release|Any CPU.ActiveCfg = Release|Any CPU
		{440E1DFE-5851-43BF-B402-27BE535CA210}.Release|Any CPU.Build.0 = Release|Any CPU
		{F4792EFA-5C98-426F-B6AF-1514E7D6ADC2}.Debug|Any CPU.ActiveCfg = Debug|Any CPU
		{F4792EFA-5C98-426F-B6AF-1514E7D6ADC2}.Debug|Any CPU.Build.0 = Debug|Any CPU
		{F4792EFA-5C98-426F-B6AF-1514E7D6ADC2}.Release|Any CPU.ActiveCfg = Release|Any CPU
		{F4792EFA-5C98-426F-B6AF-1514E7D6ADC2}.Release|Any CPU.Build.0 = Release|Any CPU
		{959AFC2E-43B2-4C89-A55A-D778F5287555}.Debug|Any CPU.ActiveCfg = Debug|Any CPU
		{959AFC2E-43B2-4C89-A55A-D778F5287555}.Debug|Any CPU.Build.0 = Debug|Any CPU
		{959AFC2E-43B2-4C89-A55A-D778F5287555}.Release|Any CPU.ActiveCfg = Release|Any CPU
		{959AFC2E-43B2-4C89-A55A-D778F5287555}.Release|Any CPU.Build.0 = Release|Any CPU
		{99E55A85-3828-4E6A-9F18-50D7C1D326E3}.Debug|Any CPU.ActiveCfg = Debug|Any CPU
		{99E55A85-3828-4E6A-9F18-50D7C1D326E3}.Debug|Any CPU.Build.0 = Debug|Any CPU
		{99E55A85-3828-4E6A-9F18-50D7C1D326E3}.Release|Any CPU.ActiveCfg = Release|Any CPU
		{99E55A85-3828-4E6A-9F18-50D7C1D326E3}.Release|Any CPU.Build.0 = Release|Any CPU
		{BE82DCCD-4405-4E57-9CD8-1BC5B05C6603}.Debug|Any CPU.ActiveCfg = Debug|Any CPU
		{BE82DCCD-4405-4E57-9CD8-1BC5B05C6603}.Debug|Any CPU.Build.0 = Debug|Any CPU
		{BE82DCCD-4405-4E57-9CD8-1BC5B05C6603}.Release|Any CPU.ActiveCfg = Release|Any CPU
		{BE82DCCD-4405-4E57-9CD8-1BC5B05C6603}.Release|Any CPU.Build.0 = Release|Any CPU
		{4D4B6AC8-EA49-4D5D-B368-0C726F9AB01B}.Debug|Any CPU.ActiveCfg = Debug|Any CPU
		{4D4B6AC8-EA49-4D5D-B368-0C726F9AB01B}.Debug|Any CPU.Build.0 = Debug|Any CPU
		{4D4B6AC8-EA49-4D5D-B368-0C726F9AB01B}.Release|Any CPU.ActiveCfg = Release|Any CPU
		{4D4B6AC8-EA49-4D5D-B368-0C726F9AB01B}.Release|Any CPU.Build.0 = Release|Any CPU
		{06A97EC1-230C-4160-B08F-C6ED6C0256A6}.Debug|Any CPU.ActiveCfg = Debug|Any CPU
		{06A97EC1-230C-4160-B08F-C6ED6C0256A6}.Debug|Any CPU.Build.0 = Debug|Any CPU
		{06A97EC1-230C-4160-B08F-C6ED6C0256A6}.Release|Any CPU.ActiveCfg = Release|Any CPU
		{06A97EC1-230C-4160-B08F-C6ED6C0256A6}.Release|Any CPU.Build.0 = Release|Any CPU
		{5039F660-136F-4450-B80B-C6F1387C2A4E}.Debug|Any CPU.ActiveCfg = Debug|Any CPU
		{5039F660-136F-4450-B80B-C6F1387C2A4E}.Debug|Any CPU.Deploy.0 = Debug|Any CPU
		{5039F660-136F-4450-B80B-C6F1387C2A4E}.Release|Any CPU.ActiveCfg = Release|Any CPU
		{5039F660-136F-4450-B80B-C6F1387C2A4E}.Release|Any CPU.Build.0 = Release|Any CPU
		{5039F660-136F-4450-B80B-C6F1387C2A4E}.Release|Any CPU.Deploy.0 = Release|Any CPU
	EndGlobalSection
	GlobalSection(SolutionProperties) = preSolution
		HideSolutionNode = FALSE
	EndGlobalSection
	GlobalSection(ExtensibilityGlobals) = postSolution
		SolutionGuid = {4CDE28EF-6616-4F7E-AD38-E25F6A7ED799}
	EndGlobalSection
EndGlobal
