
Microsoft Visual Studio Solution File, Format Version 12.00
# Visual Studio Version 17
VisualStudioVersion = 17.4.33205.214
MinimumVisualStudioVersion = 10.0.40219.1
Project("{9A19103F-16F7-4668-BE54-9A1E7A4F7556}") = "API", "API\API.csproj", "{440E1DFE-5851-43BF-B402-27BE535CA210}"
EndProject
Project("{9A19103F-16F7-4668-BE54-9A1E7A4F7556}") = "CommonAPI", "CommonAPI\CommonAPI.csproj", "{F4792EFA-5C98-426F-B6AF-1514E7D6ADC2}"
EndProject
Project("{9A19103F-16F7-4668-BE54-9A1E7A4F7556}") = "Interface", "Interface\Interface.csproj", "{06A97EC1-230C-4160-B08F-C6ED6C0256A6}"
EndProject
Project("{9A19103F-16F7-4668-BE54-9A1E7A4F7556}") = "CommonCore", "CommonCore\CommonCore.csproj", "{378477A6-CCEE-43DC-9F1E-FADA35EE290C}"
EndProject
Project("{2150E333-8FDC-42A3-9474-1A3956D46DE8}") = "Solution Items", "Solution Items", "{C9C98B16-A6A3-4301-8E43-BED64A8133E4}"
	ProjectSection(SolutionItems) = preProject
		.editorconfig = .editorconfig
	EndProjectSection
EndProject
Project("{2150E333-8FDC-42A3-9474-1A3956D46DE8}") = "Loan", "Loan", "{9B5CFD91-E330-422A-B2FE-DAC0E7696AD6}"
EndProject
Project("{00D1A9C2-B5F0-4AF3-8072-F6C62B433612}") = "Database", "Loan\Database\Database.sqlproj", "{ADA212D0-64F5-44B7-A49E-6632F95B2EBC}"
EndProject
Project("{9A19103F-16F7-4668-BE54-9A1E7A4F7556}") = "Loan.Data", "Loan\Loan.Data\Loan.Data.csproj", "{DE3DAFEB-A0FA-446F-BF7F-847B33009E11}"
EndProject
Project("{9A19103F-16F7-4668-BE54-9A1E7A4F7556}") = "Loan.Framework", "Loan\Loan.Framework\Loan.Framework.csproj", "{FEBF5F32-D1EE-4ECE-BF09-A81975E49EE8}"
EndProject
Project("{9A19103F-16F7-4668-BE54-9A1E7A4F7556}") = "Loan.Core", "Loan\Loan.Core\Loan.Core.csproj", "{580902A2-5AFD-4089-A52D-F5703F753590}"
EndProject
Project("{9A19103F-16F7-4668-BE54-9A1E7A4F7556}") = "Loan.Core.Test", "Loan\Loan.Core.Test\Loan.Core.Test.csproj", "{285AFDC3-F2EA-44C8-B914-ED081E0C34FB}"
EndProject
Project("{9A19103F-16F7-4668-BE54-9A1E7A4F7556}") = "Batch.LoanPaymentProcessor", "..\Batch\Loan\Batch.LoanPaymentProcessor\Batch.LoanPaymentProcessor.csproj", "{CCBE38C7-75B6-4358-8492-94DF30AD00B0}"
EndProject
Project("{9A19103F-16F7-4668-BE54-9A1E7A4F7556}") = "LoanAPI", "Loan\LoanAPI\LoanAPI.csproj", "{E575C2E4-00F7-421E-A536-F7228E6260E6}"
EndProject
Project("{9A19103F-16F7-4668-BE54-9A1E7A4F7556}") = "Interface.Loan", "Loan\Interface.Loan\Interface.Loan.csproj", "{32439540-FACB-4FC3-B40D-12CCB52B0FF3}"
EndProject
Project("{9A19103F-16F7-4668-BE54-9A1E7A4F7556}") = "Batch.ReportingLoader", "..\Batch\Loan\Batch.ReportingLoader\Batch.ReportingLoader.csproj", "{1A42F2AC-3D96-4883-9211-8139BFEE7D18}"
	ProjectSection(ProjectDependencies) = postProject
		{440E1DFE-5851-43BF-B402-27BE535CA210} = {440E1DFE-5851-43BF-B402-27BE535CA210}
		{E575C2E4-00F7-421E-A536-F7228E6260E6} = {E575C2E4-00F7-421E-A536-F7228E6260E6}
	EndProjectSection
EndProject
Project("{2150E333-8FDC-42A3-9474-1A3956D46DE8}") = "Policy", "Policy", "{290B941A-CF62-485B-858B-274CE615976A}"
EndProject
Project("{00D1A9C2-B5F0-4AF3-8072-F6C62B433612}") = "Database", "Policy\Database\Database.sqlproj", "{6D504C0B-293C-44DC-BCEC-EDB1256930C1}"
EndProject
Project("{9A19103F-16F7-4668-BE54-9A1E7A4F7556}") = "Loan.Reporting.Data", "Loan\Loan.Reporting.Data\Loan.Reporting.Data.csproj", "{6D2DD6FE-81E5-481B-BDFA-94FC3D2FFE28}"
EndProject
Project("{9A19103F-16F7-4668-BE54-9A1E7A4F7556}") = "Loan.Reporting.Core", "Loan\Loan.Reporting.Core\Loan.Reporting.Core.csproj", "{AE94FD86-9886-4D02-A2FB-F1DA1746BA9F}"
EndProject
Project("{FAE04EC0-301F-11D3-BF4B-00C04F79EFBC}") = "Batch.ServiceBusProcessor", "..\Batch\Loan\Batch.ServiceBusProcessor\Batch.ServiceBusProcessor.csproj", "{92595649-B189-4DB8-828C-6CC0CDEF62DB}"
EndProject
Global
	GlobalSection(SolutionConfigurationPlatforms) = preSolution
		Debug|Any CPU = Debug|Any CPU
		Release|Any CPU = Release|Any CPU
	EndGlobalSection
	GlobalSection(ProjectConfigurationPlatforms) = postSolution
		{440E1DFE-5851-43BF-B402-27BE535CA210}.Debug|Any CPU.ActiveCfg = Debug|Any CPU
		{440E1DFE-5851-43BF-B402-27BE535CA210}.Debug|Any CPU.Build.0 = Debug|Any CPU
		{440E1DFE-5851-43BF-B402-27BE535CA210}.Release|Any CPU.ActiveCfg = Release|Any CPU
		{440E1DFE-5851-43BF-B402-27BE535CA210}.Release|Any CPU.Build.0 = Release|Any CPU
		{F4792EFA-5C98-426F-B6AF-1514E7D6ADC2}.Debug|Any CPU.ActiveCfg = Debug|Any CPU
		{F4792EFA-5C98-426F-B6AF-1514E7D6ADC2}.Debug|Any CPU.Build.0 = Debug|Any CPU
		{F4792EFA-5C98-426F-B6AF-1514E7D6ADC2}.Release|Any CPU.ActiveCfg = Release|Any CPU
		{F4792EFA-5C98-426F-B6AF-1514E7D6ADC2}.Release|Any CPU.Build.0 = Release|Any CPU
		{06A97EC1-230C-4160-B08F-C6ED6C0256A6}.Debug|Any CPU.ActiveCfg = Debug|Any CPU
		{06A97EC1-230C-4160-B08F-C6ED6C0256A6}.Debug|Any CPU.Build.0 = Debug|Any CPU
		{06A97EC1-230C-4160-B08F-C6ED6C0256A6}.Release|Any CPU.ActiveCfg = Release|Any CPU
		{06A97EC1-230C-4160-B08F-C6ED6C0256A6}.Release|Any CPU.Build.0 = Release|Any CPU
		{378477A6-CCEE-43DC-9F1E-FADA35EE290C}.Debug|Any CPU.ActiveCfg = Debug|Any CPU
		{378477A6-CCEE-43DC-9F1E-FADA35EE290C}.Debug|Any CPU.Build.0 = Debug|Any CPU
		{378477A6-CCEE-43DC-9F1E-FADA35EE290C}.Release|Any CPU.ActiveCfg = Release|Any CPU
		{378477A6-CCEE-43DC-9F1E-FADA35EE290C}.Release|Any CPU.Build.0 = Release|Any CPU
		{ADA212D0-64F5-44B7-A49E-6632F95B2EBC}.Debug|Any CPU.ActiveCfg = Debug|Any CPU
		{ADA212D0-64F5-44B7-A49E-6632F95B2EBC}.Debug|Any CPU.Deploy.0 = Debug|Any CPU
		{ADA212D0-64F5-44B7-A49E-6632F95B2EBC}.Release|Any CPU.ActiveCfg = Release|Any CPU
		{ADA212D0-64F5-44B7-A49E-6632F95B2EBC}.Release|Any CPU.Build.0 = Release|Any CPU
		{ADA212D0-64F5-44B7-A49E-6632F95B2EBC}.Release|Any CPU.Deploy.0 = Release|Any CPU
		{DE3DAFEB-A0FA-446F-BF7F-847B33009E11}.Debug|Any CPU.ActiveCfg = Debug|Any CPU
		{DE3DAFEB-A0FA-446F-BF7F-847B33009E11}.Debug|Any CPU.Build.0 = Debug|Any CPU
		{DE3DAFEB-A0FA-446F-BF7F-847B33009E11}.Release|Any CPU.ActiveCfg = Release|Any CPU
		{DE3DAFEB-A0FA-446F-BF7F-847B33009E11}.Release|Any CPU.Build.0 = Release|Any CPU
		{FEBF5F32-D1EE-4ECE-BF09-A81975E49EE8}.Debug|Any CPU.ActiveCfg = Debug|Any CPU
		{FEBF5F32-D1EE-4ECE-BF09-A81975E49EE8}.Debug|Any CPU.Build.0 = Debug|Any CPU
		{FEBF5F32-D1EE-4ECE-BF09-A81975E49EE8}.Release|Any CPU.ActiveCfg = Release|Any CPU
		{FEBF5F32-D1EE-4ECE-BF09-A81975E49EE8}.Release|Any CPU.Build.0 = Release|Any CPU
		{580902A2-5AFD-4089-A52D-F5703F753590}.Debug|Any CPU.ActiveCfg = Debug|Any CPU
		{580902A2-5AFD-4089-A52D-F5703F753590}.Debug|Any CPU.Build.0 = Debug|Any CPU
		{580902A2-5AFD-4089-A52D-F5703F753590}.Release|Any CPU.ActiveCfg = Release|Any CPU
		{580902A2-5AFD-4089-A52D-F5703F753590}.Release|Any CPU.Build.0 = Release|Any CPU
		{285AFDC3-F2EA-44C8-B914-ED081E0C34FB}.Debug|Any CPU.ActiveCfg = Debug|Any CPU
		{285AFDC3-F2EA-44C8-B914-ED081E0C34FB}.Debug|Any CPU.Build.0 = Debug|Any CPU
		{285AFDC3-F2EA-44C8-B914-ED081E0C34FB}.Release|Any CPU.ActiveCfg = Release|Any CPU
		{285AFDC3-F2EA-44C8-B914-ED081E0C34FB}.Release|Any CPU.Build.0 = Release|Any CPU
		{CCBE38C7-75B6-4358-8492-94DF30AD00B0}.Debug|Any CPU.ActiveCfg = Debug|Any CPU
		{CCBE38C7-75B6-4358-8492-94DF30AD00B0}.Debug|Any CPU.Build.0 = Debug|Any CPU
		{CCBE38C7-75B6-4358-8492-94DF30AD00B0}.Release|Any CPU.ActiveCfg = Release|Any CPU
		{CCBE38C7-75B6-4358-8492-94DF30AD00B0}.Release|Any CPU.Build.0 = Release|Any CPU
		{E575C2E4-00F7-421E-A536-F7228E6260E6}.Debug|Any CPU.ActiveCfg = Debug|Any CPU
		{E575C2E4-00F7-421E-A536-F7228E6260E6}.Debug|Any CPU.Build.0 = Debug|Any CPU
		{E575C2E4-00F7-421E-A536-F7228E6260E6}.Release|Any CPU.ActiveCfg = Release|Any CPU
		{E575C2E4-00F7-421E-A536-F7228E6260E6}.Release|Any CPU.Build.0 = Release|Any CPU
		{32439540-FACB-4FC3-B40D-12CCB52B0FF3}.Debug|Any CPU.ActiveCfg = Debug|Any CPU
		{32439540-FACB-4FC3-B40D-12CCB52B0FF3}.Debug|Any CPU.Build.0 = Debug|Any CPU
		{32439540-FACB-4FC3-B40D-12CCB52B0FF3}.Release|Any CPU.ActiveCfg = Release|Any CPU
		{32439540-FACB-4FC3-B40D-12CCB52B0FF3}.Release|Any CPU.Build.0 = Release|Any CPU
		{1A42F2AC-3D96-4883-9211-8139BFEE7D18}.Debug|Any CPU.ActiveCfg = Debug|Any CPU
		{1A42F2AC-3D96-4883-9211-8139BFEE7D18}.Debug|Any CPU.Build.0 = Debug|Any CPU
		{1A42F2AC-3D96-4883-9211-8139BFEE7D18}.Release|Any CPU.ActiveCfg = Release|Any CPU
		{1A42F2AC-3D96-4883-9211-8139BFEE7D18}.Release|Any CPU.Build.0 = Release|Any CPU
		{6D504C0B-293C-44DC-BCEC-EDB1256930C1}.Debug|Any CPU.ActiveCfg = Debug|Any CPU
		{6D504C0B-293C-44DC-BCEC-EDB1256930C1}.Debug|Any CPU.Deploy.0 = Debug|Any CPU
		{6D504C0B-293C-44DC-BCEC-EDB1256930C1}.Release|Any CPU.ActiveCfg = Release|Any CPU
		{6D504C0B-293C-44DC-BCEC-EDB1256930C1}.Release|Any CPU.Build.0 = Release|Any CPU
		{6D504C0B-293C-44DC-BCEC-EDB1256930C1}.Release|Any CPU.Deploy.0 = Release|Any CPU
		{6D2DD6FE-81E5-481B-BDFA-94FC3D2FFE28}.Debug|Any CPU.ActiveCfg = Debug|Any CPU
		{6D2DD6FE-81E5-481B-BDFA-94FC3D2FFE28}.Debug|Any CPU.Build.0 = Debug|Any CPU
		{6D2DD6FE-81E5-481B-BDFA-94FC3D2FFE28}.Release|Any CPU.ActiveCfg = Release|Any CPU
		{6D2DD6FE-81E5-481B-BDFA-94FC3D2FFE28}.Release|Any CPU.Build.0 = Release|Any CPU
		{AE94FD86-9886-4D02-A2FB-F1DA1746BA9F}.Debug|Any CPU.ActiveCfg = Debug|Any CPU
		{AE94FD86-9886-4D02-A2FB-F1DA1746BA9F}.Debug|Any CPU.Build.0 = Debug|Any CPU
		{AE94FD86-9886-4D02-A2FB-F1DA1746BA9F}.Release|Any CPU.ActiveCfg = Release|Any CPU
		{AE94FD86-9886-4D02-A2FB-F1DA1746BA9F}.Release|Any CPU.Build.0 = Release|Any CPU
		{92595649-B189-4DB8-828C-6CC0CDEF62DB}.Debug|Any CPU.ActiveCfg = Debug|Any CPU
		{92595649-B189-4DB8-828C-6CC0CDEF62DB}.Debug|Any CPU.Build.0 = Debug|Any CPU
		{92595649-B189-4DB8-828C-6CC0CDEF62DB}.Release|Any CPU.ActiveCfg = Release|Any CPU
		{92595649-B189-4DB8-828C-6CC0CDEF62DB}.Release|Any CPU.Build.0 = Release|Any CPU
	EndGlobalSection
	GlobalSection(SolutionProperties) = preSolution
		HideSolutionNode = FALSE
	EndGlobalSection
	GlobalSection(NestedProjects) = preSolution
		{ADA212D0-64F5-44B7-A49E-6632F95B2EBC} = {9B5CFD91-E330-422A-B2FE-DAC0E7696AD6}
		{DE3DAFEB-A0FA-446F-BF7F-847B33009E11} = {9B5CFD91-E330-422A-B2FE-DAC0E7696AD6}
		{FEBF5F32-D1EE-4ECE-BF09-A81975E49EE8} = {9B5CFD91-E330-422A-B2FE-DAC0E7696AD6}
		{580902A2-5AFD-4089-A52D-F5703F753590} = {9B5CFD91-E330-422A-B2FE-DAC0E7696AD6}
		{285AFDC3-F2EA-44C8-B914-ED081E0C34FB} = {9B5CFD91-E330-422A-B2FE-DAC0E7696AD6}
		{CCBE38C7-75B6-4358-8492-94DF30AD00B0} = {9B5CFD91-E330-422A-B2FE-DAC0E7696AD6}
		{E575C2E4-00F7-421E-A536-F7228E6260E6} = {9B5CFD91-E330-422A-B2FE-DAC0E7696AD6}
		{32439540-FACB-4FC3-B40D-12CCB52B0FF3} = {9B5CFD91-E330-422A-B2FE-DAC0E7696AD6}
		{1A42F2AC-3D96-4883-9211-8139BFEE7D18} = {9B5CFD91-E330-422A-B2FE-DAC0E7696AD6}
		{6D504C0B-293C-44DC-BCEC-EDB1256930C1} = {290B941A-CF62-485B-858B-274CE615976A}
		{6D2DD6FE-81E5-481B-BDFA-94FC3D2FFE28} = {9B5CFD91-E330-422A-B2FE-DAC0E7696AD6}
		{AE94FD86-9886-4D02-A2FB-F1DA1746BA9F} = {9B5CFD91-E330-422A-B2FE-DAC0E7696AD6}
		{92595649-B189-4DB8-828C-6CC0CDEF62DB} = {9B5CFD91-E330-422A-B2FE-DAC0E7696AD6}
	EndGlobalSection
	GlobalSection(ExtensibilityGlobals) = postSolution
		SolutionGuid = {4CDE28EF-6616-4F7E-AD38-E25F6A7ED799}
	EndGlobalSection
EndGlobal
